
Microsoft Visual Studio Solution File, Format Version 12.00
# Visual Studio Version 16
VisualStudioVersion = 16.0.30114.105
MinimumVisualStudioVersion = 10.0.40219.1
Project("{2150E333-8FDC-42A3-9474-1A3956D46DE8}") = "src", "src", "{56305986-3092-452D-A303-F3E3A3FE2088}"
EndProject
Project("{FAE04EC0-301F-11D3-BF4B-00C04F79EFBC}") = "Core", "src\Core\Core.csproj", "{0B8887C1-CFE2-4A3A-836B-7DE3D7BFDBA6}"
EndProject
Project("{FAE04EC0-301F-11D3-BF4B-00C04F79EFBC}") = "Infrastructure", "src\Infrastructure\Infrastructure.csproj", "{8A2936C6-B402-4357-BE97-1C34A8E43699}"
EndProject
Project("{FAE04EC0-301F-11D3-BF4B-00C04F79EFBC}") = "SharedKernel", "src\SharedKernel\SharedKernel.csproj", "{D0DCDF21-442F-4689-97A7-14D3D2E0FE1C}"
EndProject
Project("{FAE04EC0-301F-11D3-BF4B-00C04F79EFBC}") = "EventForumWeb", "src\Forum.Web\EventForumWeb.csproj", "{F8E23001-B07E-404E-9F29-DE8D40DFBA8C}"
EndProject
Global
	GlobalSection(SolutionConfigurationPlatforms) = preSolution
		Debug|Any CPU = Debug|Any CPU
		Debug|x64 = Debug|x64
		Debug|x86 = Debug|x86
		Release|Any CPU = Release|Any CPU
		Release|x64 = Release|x64
		Release|x86 = Release|x86
	EndGlobalSection
	GlobalSection(SolutionProperties) = preSolution
		HideSolutionNode = FALSE
	EndGlobalSection
	GlobalSection(ProjectConfigurationPlatforms) = postSolution
		{0B8887C1-CFE2-4A3A-836B-7DE3D7BFDBA6}.Debug|Any CPU.ActiveCfg = Debug|Any CPU
		{0B8887C1-CFE2-4A3A-836B-7DE3D7BFDBA6}.Debug|Any CPU.Build.0 = Debug|Any CPU
		{0B8887C1-CFE2-4A3A-836B-7DE3D7BFDBA6}.Debug|x64.ActiveCfg = Debug|Any CPU
		{0B8887C1-CFE2-4A3A-836B-7DE3D7BFDBA6}.Debug|x64.Build.0 = Debug|Any CPU
		{0B8887C1-CFE2-4A3A-836B-7DE3D7BFDBA6}.Debug|x86.ActiveCfg = Debug|Any CPU
		{0B8887C1-CFE2-4A3A-836B-7DE3D7BFDBA6}.Debug|x86.Build.0 = Debug|Any CPU
		{0B8887C1-CFE2-4A3A-836B-7DE3D7BFDBA6}.Release|Any CPU.ActiveCfg = Release|Any CPU
		{0B8887C1-CFE2-4A3A-836B-7DE3D7BFDBA6}.Release|Any CPU.Build.0 = Release|Any CPU
		{0B8887C1-CFE2-4A3A-836B-7DE3D7BFDBA6}.Release|x64.ActiveCfg = Release|Any CPU
		{0B8887C1-CFE2-4A3A-836B-7DE3D7BFDBA6}.Release|x64.Build.0 = Release|Any CPU
		{0B8887C1-CFE2-4A3A-836B-7DE3D7BFDBA6}.Release|x86.ActiveCfg = Release|Any CPU
		{0B8887C1-CFE2-4A3A-836B-7DE3D7BFDBA6}.Release|x86.Build.0 = Release|Any CPU
		{8A2936C6-B402-4357-BE97-1C34A8E43699}.Debug|Any CPU.ActiveCfg = Debug|Any CPU
		{8A2936C6-B402-4357-BE97-1C34A8E43699}.Debug|Any CPU.Build.0 = Debug|Any CPU
		{8A2936C6-B402-4357-BE97-1C34A8E43699}.Debug|x64.ActiveCfg = Debug|Any CPU
		{8A2936C6-B402-4357-BE97-1C34A8E43699}.Debug|x64.Build.0 = Debug|Any CPU
		{8A2936C6-B402-4357-BE97-1C34A8E43699}.Debug|x86.ActiveCfg = Debug|Any CPU
		{8A2936C6-B402-4357-BE97-1C34A8E43699}.Debug|x86.Build.0 = Debug|Any CPU
		{8A2936C6-B402-4357-BE97-1C34A8E43699}.Release|Any CPU.ActiveCfg = Release|Any CPU
		{8A2936C6-B402-4357-BE97-1C34A8E43699}.Release|Any CPU.Build.0 = Release|Any CPU
		{8A2936C6-B402-4357-BE97-1C34A8E43699}.Release|x64.ActiveCfg = Release|Any CPU
		{8A2936C6-B402-4357-BE97-1C34A8E43699}.Release|x64.Build.0 = Release|Any CPU
		{8A2936C6-B402-4357-BE97-1C34A8E43699}.Release|x86.ActiveCfg = Release|Any CPU
		{8A2936C6-B402-4357-BE97-1C34A8E43699}.Release|x86.Build.0 = Release|Any CPU
		{D0DCDF21-442F-4689-97A7-14D3D2E0FE1C}.Debug|Any CPU.ActiveCfg = Debug|Any CPU
		{D0DCDF21-442F-4689-97A7-14D3D2E0FE1C}.Debug|Any CPU.Build.0 = Debug|Any CPU
		{D0DCDF21-442F-4689-97A7-14D3D2E0FE1C}.Debug|x64.ActiveCfg = Debug|Any CPU
		{D0DCDF21-442F-4689-97A7-14D3D2E0FE1C}.Debug|x64.Build.0 = Debug|Any CPU
		{D0DCDF21-442F-4689-97A7-14D3D2E0FE1C}.Debug|x86.ActiveCfg = Debug|Any CPU
		{D0DCDF21-442F-4689-97A7-14D3D2E0FE1C}.Debug|x86.Build.0 = Debug|Any CPU
		{D0DCDF21-442F-4689-97A7-14D3D2E0FE1C}.Release|Any CPU.ActiveCfg = Release|Any CPU
		{D0DCDF21-442F-4689-97A7-14D3D2E0FE1C}.Release|Any CPU.Build.0 = Release|Any CPU
		{D0DCDF21-442F-4689-97A7-14D3D2E0FE1C}.Release|x64.ActiveCfg = Release|Any CPU
		{D0DCDF21-442F-4689-97A7-14D3D2E0FE1C}.Release|x64.Build.0 = Release|Any CPU
		{D0DCDF21-442F-4689-97A7-14D3D2E0FE1C}.Release|x86.ActiveCfg = Release|Any CPU
		{D0DCDF21-442F-4689-97A7-14D3D2E0FE1C}.Release|x86.Build.0 = Release|Any CPU
		{F8E23001-B07E-404E-9F29-DE8D40DFBA8C}.Debug|Any CPU.ActiveCfg = Debug|Any CPU
		{F8E23001-B07E-404E-9F29-DE8D40DFBA8C}.Debug|Any CPU.Build.0 = Debug|Any CPU
		{F8E23001-B07E-404E-9F29-DE8D40DFBA8C}.Debug|x64.ActiveCfg = Debug|Any CPU
		{F8E23001-B07E-404E-9F29-DE8D40DFBA8C}.Debug|x64.Build.0 = Debug|Any CPU
		{F8E23001-B07E-404E-9F29-DE8D40DFBA8C}.Debug|x86.ActiveCfg = Debug|Any CPU
		{F8E23001-B07E-404E-9F29-DE8D40DFBA8C}.Debug|x86.Build.0 = Debug|Any CPU
		{F8E23001-B07E-404E-9F29-DE8D40DFBA8C}.Release|Any CPU.ActiveCfg = Release|Any CPU
		{F8E23001-B07E-404E-9F29-DE8D40DFBA8C}.Release|Any CPU.Build.0 = Release|Any CPU
		{F8E23001-B07E-404E-9F29-DE8D40DFBA8C}.Release|x64.ActiveCfg = Release|Any CPU
		{F8E23001-B07E-404E-9F29-DE8D40DFBA8C}.Release|x64.Build.0 = Release|Any CPU
		{F8E23001-B07E-404E-9F29-DE8D40DFBA8C}.Release|x86.ActiveCfg = Release|Any CPU
		{F8E23001-B07E-404E-9F29-DE8D40DFBA8C}.Release|x86.Build.0 = Release|Any CPU
	EndGlobalSection
	GlobalSection(NestedProjects) = preSolution
		{0B8887C1-CFE2-4A3A-836B-7DE3D7BFDBA6} = {56305986-3092-452D-A303-F3E3A3FE2088}
		{8A2936C6-B402-4357-BE97-1C34A8E43699} = {56305986-3092-452D-A303-F3E3A3FE2088}
		{D0DCDF21-442F-4689-97A7-14D3D2E0FE1C} = {56305986-3092-452D-A303-F3E3A3FE2088}
		{F8E23001-B07E-404E-9F29-DE8D40DFBA8C} = {56305986-3092-452D-A303-F3E3A3FE2088}
	EndGlobalSection
EndGlobal
